// !$*UTF8*$!
{
	archiveVersion = 1;
	classes = {
	};
	objectVersion = 46;
	objects = {

/* Begin PBXBuildFile section */
		85E585061D79517200802BF7 /* main.m in Sources */ = {isa = PBXBuildFile; fileRef = 85E585051D79517200802BF7 /* main.m */; };
		85E585091D79517200802BF7 /* AppDelegate.m in Sources */ = {isa = PBXBuildFile; fileRef = 85E585081D79517200802BF7 /* AppDelegate.m */; };
		85E5850C1D79517200802BF7 /* ViewController.m in Sources */ = {isa = PBXBuildFile; fileRef = 85E5850B1D79517200802BF7 /* ViewController.m */; };
		85E5850F1D79517200802BF7 /* Main.storyboard in Resources */ = {isa = PBXBuildFile; fileRef = 85E5850D1D79517200802BF7 /* Main.storyboard */; };
		85E585111D79517200802BF7 /* Assets.xcassets in Resources */ = {isa = PBXBuildFile; fileRef = 85E585101D79517200802BF7 /* Assets.xcassets */; };
		85E585141D79517200802BF7 /* LaunchScreen.storyboard in Resources */ = {isa = PBXBuildFile; fileRef = 85E585121D79517200802BF7 /* LaunchScreen.storyboard */; };
		85E5851F1D79517200802BF7 /* DLRouterTests.m in Sources */ = {isa = PBXBuildFile; fileRef = 85E5851E1D79517200802BF7 /* DLRouterTests.m */; };
		85E5852A1D79517200802BF7 /* DLRouterUITests.m in Sources */ = {isa = PBXBuildFile; fileRef = 85E585291D79517200802BF7 /* DLRouterUITests.m */; };
		85E5853A1D7951A900802BF7 /* DLRouter.m in Sources */ = {isa = PBXBuildFile; fileRef = 85E585391D7951A900802BF7 /* DLRouter.m */; };
		85E5853C1D79553500802BF7 /* rules.plist in Resources */ = {isa = PBXBuildFile; fileRef = 85E5853B1D79553500802BF7 /* rules.plist */; };
		85E5853E1D79824600802BF7 /* RouterTest.m in Sources */ = {isa = PBXBuildFile; fileRef = 85E5853D1D79824600802BF7 /* RouterTest.m */; };
/* End PBXBuildFile section */

/* Begin PBXContainerItemProxy section */
		85E5851B1D79517200802BF7 /* PBXContainerItemProxy */ = {
			isa = PBXContainerItemProxy;
			containerPortal = 85E584F91D79517100802BF7 /* Project object */;
			proxyType = 1;
			remoteGlobalIDString = 85E585001D79517200802BF7;
			remoteInfo = DLRouter;
		};
		85E585261D79517200802BF7 /* PBXContainerItemProxy */ = {
			isa = PBXContainerItemProxy;
			containerPortal = 85E584F91D79517100802BF7 /* Project object */;
			proxyType = 1;
			remoteGlobalIDString = 85E585001D79517200802BF7;
			remoteInfo = DLRouter;
		};
/* End PBXContainerItemProxy section */

/* Begin PBXFileReference section */
		85E585011D79517200802BF7 /* DLRouter.app */ = {isa = PBXFileReference; explicitFileType = wrapper.application; includeInIndex = 0; path = DLRouter.app; sourceTree = BUILT_PRODUCTS_DIR; };
		85E585051D79517200802BF7 /* main.m */ = {isa = PBXFileReference; lastKnownFileType = sourcecode.c.objc; path = main.m; sourceTree = "<group>"; };
		85E585071D79517200802BF7 /* AppDelegate.h */ = {isa = PBXFileReference; lastKnownFileType = sourcecode.c.h; path = AppDelegate.h; sourceTree = "<group>"; };
		85E585081D79517200802BF7 /* AppDelegate.m */ = {isa = PBXFileReference; lastKnownFileType = sourcecode.c.objc; path = AppDelegate.m; sourceTree = "<group>"; };
		85E5850A1D79517200802BF7 /* ViewController.h */ = {isa = PBXFileReference; lastKnownFileType = sourcecode.c.h; path = ViewController.h; sourceTree = "<group>"; };
		85E5850B1D79517200802BF7 /* ViewController.m */ = {isa = PBXFileReference; lastKnownFileType = sourcecode.c.objc; path = ViewController.m; sourceTree = "<group>"; };
		85E5850E1D79517200802BF7 /* Base */ = {isa = PBXFileReference; lastKnownFileType = file.storyboard; name = Base; path = Base.lproj/Main.storyboard; sourceTree = "<group>"; };
		85E585101D79517200802BF7 /* Assets.xcassets */ = {isa = PBXFileReference; lastKnownFileType = folder.assetcatalog; path = Assets.xcassets; sourceTree = "<group>"; };
		85E585131D79517200802BF7 /* Base */ = {isa = PBXFileReference; lastKnownFileType = file.storyboard; name = Base; path = Base.lproj/LaunchScreen.storyboard; sourceTree = "<group>"; };
		85E585151D79517200802BF7 /* Info.plist */ = {isa = PBXFileReference; lastKnownFileType = text.plist.xml; path = Info.plist; sourceTree = "<group>"; };
		85E5851A1D79517200802BF7 /* DLRouterTests.xctest */ = {isa = PBXFileReference; explicitFileType = wrapper.cfbundle; includeInIndex = 0; path = DLRouterTests.xctest; sourceTree = BUILT_PRODUCTS_DIR; };
		85E5851E1D79517200802BF7 /* DLRouterTests.m */ = {isa = PBXFileReference; lastKnownFileType = sourcecode.c.objc; path = DLRouterTests.m; sourceTree = "<group>"; };
		85E585201D79517200802BF7 /* Info.plist */ = {isa = PBXFileReference; lastKnownFileType = text.plist.xml; path = Info.plist; sourceTree = "<group>"; };
		85E585251D79517200802BF7 /* DLRouterUITests.xctest */ = {isa = PBXFileReference; explicitFileType = wrapper.cfbundle; includeInIndex = 0; path = DLRouterUITests.xctest; sourceTree = BUILT_PRODUCTS_DIR; };
		85E585291D79517200802BF7 /* DLRouterUITests.m */ = {isa = PBXFileReference; lastKnownFileType = sourcecode.c.objc; path = DLRouterUITests.m; sourceTree = "<group>"; };
		85E5852B1D79517200802BF7 /* Info.plist */ = {isa = PBXFileReference; lastKnownFileType = text.plist.xml; path = Info.plist; sourceTree = "<group>"; };
		85E585381D7951A900802BF7 /* DLRouter.h */ = {isa = PBXFileReference; fileEncoding = 4; lastKnownFileType = sourcecode.c.h; path = DLRouter.h; sourceTree = "<group>"; };
		85E585391D7951A900802BF7 /* DLRouter.m */ = {isa = PBXFileReference; fileEncoding = 4; lastKnownFileType = sourcecode.c.objc; path = DLRouter.m; sourceTree = "<group>"; };
		85E5853B1D79553500802BF7 /* rules.plist */ = {isa = PBXFileReference; fileEncoding = 4; lastKnownFileType = text.plist.xml; path = rules.plist; sourceTree = "<group>"; };
		85E5853D1D79824600802BF7 /* RouterTest.m */ = {isa = PBXFileReference; fileEncoding = 4; lastKnownFileType = sourcecode.c.objc; path = RouterTest.m; sourceTree = "<group>"; };
/* End PBXFileReference section */

/* Begin PBXFrameworksBuildPhase section */
		85E584FE1D79517200802BF7 /* Frameworks */ = {
			isa = PBXFrameworksBuildPhase;
			buildActionMask = 2147483647;
			files = (
			);
			runOnlyForDeploymentPostprocessing = 0;
		};
		85E585171D79517200802BF7 /* Frameworks */ = {
			isa = PBXFrameworksBuildPhase;
			buildActionMask = 2147483647;
			files = (
			);
			runOnlyForDeploymentPostprocessing = 0;
		};
		85E585221D79517200802BF7 /* Frameworks */ = {
			isa = PBXFrameworksBuildPhase;
			buildActionMask = 2147483647;
			files = (
			);
			runOnlyForDeploymentPostprocessing = 0;
		};
/* End PBXFrameworksBuildPhase section */

/* Begin PBXGroup section */
		85E584F81D79517100802BF7 = {
			isa = PBXGroup;
			children = (
				85E585031D79517200802BF7 /* DLRouter */,
				85E5851D1D79517200802BF7 /* DLRouterTests */,
				85E585281D79517200802BF7 /* DLRouterUITests */,
				85E585021D79517200802BF7 /* Products */,
			);
			sourceTree = "<group>";
		};
		85E585021D79517200802BF7 /* Products */ = {
			isa = PBXGroup;
			children = (
				85E585011D79517200802BF7 /* DLRouter.app */,
				85E5851A1D79517200802BF7 /* DLRouterTests.xctest */,
				85E585251D79517200802BF7 /* DLRouterUITests.xctest */,
			);
			name = Products;
			sourceTree = "<group>";
		};
		85E585031D79517200802BF7 /* DLRouter */ = {
			isa = PBXGroup;
			children = (
				85E585371D79518800802BF7 /* DLRouter */,
				85E585071D79517200802BF7 /* AppDelegate.h */,
				85E585081D79517200802BF7 /* AppDelegate.m */,
				85E5850A1D79517200802BF7 /* ViewController.h */,
				85E5850B1D79517200802BF7 /* ViewController.m */,
				85E5850D1D79517200802BF7 /* Main.storyboard */,
				85E585101D79517200802BF7 /* Assets.xcassets */,
				85E585121D79517200802BF7 /* LaunchScreen.storyboard */,
				85E585151D79517200802BF7 /* Info.plist */,
				85E585041D79517200802BF7 /* Supporting Files */,
			);
			path = DLRouter;
			sourceTree = "<group>";
		};
		85E585041D79517200802BF7 /* Supporting Files */ = {
			isa = PBXGroup;
			children = (
				85E585051D79517200802BF7 /* main.m */,
			);
			name = "Supporting Files";
			sourceTree = "<group>";
		};
		85E5851D1D79517200802BF7 /* DLRouterTests */ = {
			isa = PBXGroup;
			children = (
				85E5851E1D79517200802BF7 /* DLRouterTests.m */,
				85E585201D79517200802BF7 /* Info.plist */,
				85E5853D1D79824600802BF7 /* RouterTest.m */,
			);
			path = DLRouterTests;
			sourceTree = "<group>";
		};
		85E585281D79517200802BF7 /* DLRouterUITests */ = {
			isa = PBXGroup;
			children = (
				85E585291D79517200802BF7 /* DLRouterUITests.m */,
				85E5852B1D79517200802BF7 /* Info.plist */,
			);
			path = DLRouterUITests;
			sourceTree = "<group>";
		};
		85E585371D79518800802BF7 /* DLRouter */ = {
			isa = PBXGroup;
			children = (
				85E585381D7951A900802BF7 /* DLRouter.h */,
				85E585391D7951A900802BF7 /* DLRouter.m */,
				85E5853B1D79553500802BF7 /* rules.plist */,
			);
			path = DLRouter;
			sourceTree = "<group>";
		};
/* End PBXGroup section */

/* Begin PBXNativeTarget section */
		85E585001D79517200802BF7 /* DLRouter */ = {
			isa = PBXNativeTarget;
			buildConfigurationList = 85E5852E1D79517200802BF7 /* Build configuration list for PBXNativeTarget "DLRouter" */;
			buildPhases = (
				85E584FD1D79517200802BF7 /* Sources */,
				85E584FE1D79517200802BF7 /* Frameworks */,
				85E584FF1D79517200802BF7 /* Resources */,
			);
			buildRules = (
			);
			dependencies = (
			);
			name = DLRouter;
			productName = DLRouter;
			productReference = 85E585011D79517200802BF7 /* DLRouter.app */;
			productType = "com.apple.product-type.application";
		};
		85E585191D79517200802BF7 /* DLRouterTests */ = {
			isa = PBXNativeTarget;
			buildConfigurationList = 85E585311D79517200802BF7 /* Build configuration list for PBXNativeTarget "DLRouterTests" */;
			buildPhases = (
				85E585161D79517200802BF7 /* Sources */,
				85E585171D79517200802BF7 /* Frameworks */,
				85E585181D79517200802BF7 /* Resources */,
			);
			buildRules = (
			);
			dependencies = (
				85E5851C1D79517200802BF7 /* PBXTargetDependency */,
			);
			name = DLRouterTests;
			productName = DLRouterTests;
			productReference = 85E5851A1D79517200802BF7 /* DLRouterTests.xctest */;
			productType = "com.apple.product-type.bundle.unit-test";
		};
		85E585241D79517200802BF7 /* DLRouterUITests */ = {
			isa = PBXNativeTarget;
			buildConfigurationList = 85E585341D79517200802BF7 /* Build configuration list for PBXNativeTarget "DLRouterUITests" */;
			buildPhases = (
				85E585211D79517200802BF7 /* Sources */,
				85E585221D79517200802BF7 /* Frameworks */,
				85E585231D79517200802BF7 /* Resources */,
			);
			buildRules = (
			);
			dependencies = (
				85E585271D79517200802BF7 /* PBXTargetDependency */,
			);
			name = DLRouterUITests;
			productName = DLRouterUITests;
			productReference = 85E585251D79517200802BF7 /* DLRouterUITests.xctest */;
			productType = "com.apple.product-type.bundle.ui-testing";
		};
/* End PBXNativeTarget section */

/* Begin PBXProject section */
		85E584F91D79517100802BF7 /* Project object */ = {
			isa = PBXProject;
			attributes = {
				LastUpgradeCheck = 0730;
				ORGANIZATIONNAME = famulei;
				TargetAttributes = {
					85E585001D79517200802BF7 = {
						CreatedOnToolsVersion = 7.3.1;
					};
					85E585191D79517200802BF7 = {
						CreatedOnToolsVersion = 7.3.1;
						TestTargetID = 85E585001D79517200802BF7;
					};
					85E585241D79517200802BF7 = {
						CreatedOnToolsVersion = 7.3.1;
						TestTargetID = 85E585001D79517200802BF7;
					};
				};
			};
			buildConfigurationList = 85E584FC1D79517100802BF7 /* Build configuration list for PBXProject "DLRouter" */;
			compatibilityVersion = "Xcode 3.2";
			developmentRegion = English;
			hasScannedForEncodings = 0;
			knownRegions = (
				en,
				Base,
			);
			mainGroup = 85E584F81D79517100802BF7;
			productRefGroup = 85E585021D79517200802BF7 /* Products */;
			projectDirPath = "";
			projectRoot = "";
			targets = (
				85E585001D79517200802BF7 /* DLRouter */,
				85E585191D79517200802BF7 /* DLRouterTests */,
				85E585241D79517200802BF7 /* DLRouterUITests */,
			);
		};
/* End PBXProject section */

/* Begin PBXResourcesBuildPhase section */
		85E584FF1D79517200802BF7 /* Resources */ = {
			isa = PBXResourcesBuildPhase;
			buildActionMask = 2147483647;
			files = (
				85E585141D79517200802BF7 /* LaunchScreen.storyboard in Resources */,
				85E585111D79517200802BF7 /* Assets.xcassets in Resources */,
				85E5853C1D79553500802BF7 /* rules.plist in Resources */,
				85E5850F1D79517200802BF7 /* Main.storyboard in Resources */,
			);
			runOnlyForDeploymentPostprocessing = 0;
		};
		85E585181D79517200802BF7 /* Resources */ = {
			isa = PBXResourcesBuildPhase;
			buildActionMask = 2147483647;
			files = (
			);
			runOnlyForDeploymentPostprocessing = 0;
		};
		85E585231D79517200802BF7 /* Resources */ = {
			isa = PBXResourcesBuildPhase;
			buildActionMask = 2147483647;
			files = (
			);
			runOnlyForDeploymentPostprocessing = 0;
		};
/* End PBXResourcesBuildPhase section */

/* Begin PBXSourcesBuildPhase section */
		85E584FD1D79517200802BF7 /* Sources */ = {
			isa = PBXSourcesBuildPhase;
			buildActionMask = 2147483647;
			files = (
				85E5850C1D79517200802BF7 /* ViewController.m in Sources */,
				85E585091D79517200802BF7 /* AppDelegate.m in Sources */,
				85E5853A1D7951A900802BF7 /* DLRouter.m in Sources */,
				85E585061D79517200802BF7 /* main.m in Sources */,
			);
			runOnlyForDeploymentPostprocessing = 0;
		};
		85E585161D79517200802BF7 /* Sources */ = {
			isa = PBXSourcesBuildPhase;
			buildActionMask = 2147483647;
			files = (
				85E5853E1D79824600802BF7 /* RouterTest.m in Sources */,
				85E5851F1D79517200802BF7 /* DLRouterTests.m in Sources */,
			);
			runOnlyForDeploymentPostprocessing = 0;
		};
		85E585211D79517200802BF7 /* Sources */ = {
			isa = PBXSourcesBuildPhase;
			buildActionMask = 2147483647;
			files = (
				85E5852A1D79517200802BF7 /* DLRouterUITests.m in Sources */,
			);
			runOnlyForDeploymentPostprocessing = 0;
		};
/* End PBXSourcesBuildPhase section */

/* Begin PBXTargetDependency section */
		85E5851C1D79517200802BF7 /* PBXTargetDependency */ = {
			isa = PBXTargetDependency;
			target = 85E585001D79517200802BF7 /* DLRouter */;
			targetProxy = 85E5851B1D79517200802BF7 /* PBXContainerItemProxy */;
		};
		85E585271D79517200802BF7 /* PBXTargetDependency */ = {
			isa = PBXTargetDependency;
			target = 85E585001D79517200802BF7 /* DLRouter */;
			targetProxy = 85E585261D79517200802BF7 /* PBXContainerItemProxy */;
		};
/* End PBXTargetDependency section */

/* Begin PBXVariantGroup section */
		85E5850D1D79517200802BF7 /* Main.storyboard */ = {
			isa = PBXVariantGroup;
			children = (
				85E5850E1D79517200802BF7 /* Base */,
			);
			name = Main.storyboard;
			sourceTree = "<group>";
		};
		85E585121D79517200802BF7 /* LaunchScreen.storyboard */ = {
			isa = PBXVariantGroup;
			children = (
				85E585131D79517200802BF7 /* Base */,
			);
			name = LaunchScreen.storyboard;
			sourceTree = "<group>";
		};
/* End PBXVariantGroup section */

/* Begin XCBuildConfiguration section */
		85E5852C1D79517200802BF7 /* Debug */ = {
			isa = XCBuildConfiguration;
			buildSettings = {
				ALWAYS_SEARCH_USER_PATHS = NO;
				CLANG_ANALYZER_NONNULL = YES;
				CLANG_CXX_LANGUAGE_STANDARD = "gnu++0x";
				CLANG_CXX_LIBRARY = "libc++";
				CLANG_ENABLE_MODULES = YES;
				CLANG_ENABLE_OBJC_ARC = YES;
				CLANG_WARN_BOOL_CONVERSION = YES;
				CLANG_WARN_CONSTANT_CONVERSION = YES;
				CLANG_WARN_DIRECT_OBJC_ISA_USAGE = YES_ERROR;
				CLANG_WARN_EMPTY_BODY = YES;
				CLANG_WARN_ENUM_CONVERSION = YES;
				CLANG_WARN_INT_CONVERSION = YES;
				CLANG_WARN_OBJC_ROOT_CLASS = YES_ERROR;
				CLANG_WARN_UNREACHABLE_CODE = YES;
				CLANG_WARN__DUPLICATE_METHOD_MATCH = YES;
				"CODE_SIGN_IDENTITY[sdk=iphoneos*]" = "iPhone Developer";
				COPY_PHASE_STRIP = NO;
				DEBUG_INFORMATION_FORMAT = dwarf;
				ENABLE_STRICT_OBJC_MSGSEND = YES;
				ENABLE_TESTABILITY = YES;
				GCC_C_LANGUAGE_STANDARD = gnu99;
				GCC_DYNAMIC_NO_PIC = NO;
				GCC_NO_COMMON_BLOCKS = YES;
				GCC_OPTIMIZATION_LEVEL = 0;
				GCC_PREPROCESSOR_DEFINITIONS = (
					"DEBUG=1",
					"$(inherited)",
				);
				GCC_WARN_64_TO_32_BIT_CONVERSION = YES;
				GCC_WARN_ABOUT_RETURN_TYPE = YES_ERROR;
				GCC_WARN_UNDECLARED_SELECTOR = YES;
				GCC_WARN_UNINITIALIZED_AUTOS = YES_AGGRESSIVE;
				GCC_WARN_UNUSED_FUNCTION = YES;
				GCC_WARN_UNUSED_VARIABLE = YES;
				IPHONEOS_DEPLOYMENT_TARGET = 9.3;
				MTL_ENABLE_DEBUG_INFO = YES;
				ONLY_ACTIVE_ARCH = YES;
				SDKROOT = iphoneos;
			};
			name = Debug;
		};
		85E5852D1D79517200802BF7 /* Release */ = {
			isa = XCBuildConfiguration;
			buildSettings = {
				ALWAYS_SEARCH_USER_PATHS = NO;
				CLANG_ANALYZER_NONNULL = YES;
				CLANG_CXX_LANGUAGE_STANDARD = "gnu++0x";
				CLANG_CXX_LIBRARY = "libc++";
				CLANG_ENABLE_MODULES = YES;
				CLANG_ENABLE_OBJC_ARC = YES;
				CLANG_WARN_BOOL_CONVERSION = YES;
				CLANG_WARN_CONSTANT_CONVERSION = YES;
				CLANG_WARN_DIRECT_OBJC_ISA_USAGE = YES_ERROR;
				CLANG_WARN_EMPTY_BODY = YES;
				CLANG_WARN_ENUM_CONVERSION = YES;
				CLANG_WARN_INT_CONVERSION = YES;
				CLANG_WARN_OBJC_ROOT_CLASS = YES_ERROR;
				CLANG_WARN_UNREACHABLE_CODE = YES;
				CLANG_WARN__DUPLICATE_METHOD_MATCH = YES;
				"CODE_SIGN_IDENTITY[sdk=iphoneos*]" = "iPhone Developer";
				COPY_PHASE_STRIP = NO;
				DEBUG_INFORMATION_FORMAT = "dwarf-with-dsym";
				ENABLE_NS_ASSERTIONS = NO;
				ENABLE_STRICT_OBJC_MSGSEND = YES;
				GCC_C_LANGUAGE_STANDARD = gnu99;
				GCC_NO_COMMON_BLOCKS = YES;
				GCC_WARN_64_TO_32_BIT_CONVERSION = YES;
				GCC_WARN_ABOUT_RETURN_TYPE = YES_ERROR;
				GCC_WARN_UNDECLARED_SELECTOR = YES;
				GCC_WARN_UNINITIALIZED_AUTOS = YES_AGGRESSIVE;
				GCC_WARN_UNUSED_FUNCTION = YES;
				GCC_WARN_UNUSED_VARIABLE = YES;
				IPHONEOS_DEPLOYMENT_TARGET = 9.3;
				MTL_ENABLE_DEBUG_INFO = NO;
				SDKROOT = iphoneos;
				VALIDATE_PRODUCT = YES;
			};
			name = Release;
		};
		85E5852F1D79517200802BF7 /* Debug */ = {
			isa = XCBuildConfiguration;
			buildSettings = {
				ASSETCATALOG_COMPILER_APPICON_NAME = AppIcon;
				INFOPLIST_FILE = DLRouter/Info.plist;
				LD_RUNPATH_SEARCH_PATHS = "$(inherited) @executable_path/Frameworks";
				PRODUCT_BUNDLE_IDENTIFIER = famulei.DLRouter;
				PRODUCT_NAME = "$(TARGET_NAME)";
			};
			name = Debug;
		};
		85E585301D79517200802BF7 /* Release */ = {
			isa = XCBuildConfiguration;
			buildSettings = {
				ASSETCATALOG_COMPILER_APPICON_NAME = AppIcon;
				INFOPLIST_FILE = DLRouter/Info.plist;
				LD_RUNPATH_SEARCH_PATHS = "$(inherited) @executable_path/Frameworks";
				PRODUCT_BUNDLE_IDENTIFIER = famulei.DLRouter;
				PRODUCT_NAME = "$(TARGET_NAME)";
			};
			name = Release;
		};
		85E585321D79517200802BF7 /* Debug */ = {
			isa = XCBuildConfiguration;
			buildSettings = {
				BUNDLE_LOADER = "$(TEST_HOST)";
				INFOPLIST_FILE = DLRouterTests/Info.plist;
				LD_RUNPATH_SEARCH_PATHS = "$(inherited) @executable_path/Frameworks @loader_path/Frameworks";
				PRODUCT_BUNDLE_IDENTIFIER = famulei.DLRouterTests;
				PRODUCT_NAME = "$(TARGET_NAME)";
				TEST_HOST = "$(BUILT_PRODUCTS_DIR)/DLRouter.app/DLRouter";
			};
			name = Debug;
		};
		85E585331D79517200802BF7 /* Release */ = {
			isa = XCBuildConfiguration;
			buildSettings = {
				BUNDLE_LOADER = "$(TEST_HOST)";
				INFOPLIST_FILE = DLRouterTests/Info.plist;
				LD_RUNPATH_SEARCH_PATHS = "$(inherited) @executable_path/Frameworks @loader_path/Frameworks";
				PRODUCT_BUNDLE_IDENTIFIER = famulei.DLRouterTests;
				PRODUCT_NAME = "$(TARGET_NAME)";
				TEST_HOST = "$(BUILT_PRODUCTS_DIR)/DLRouter.app/DLRouter";
			};
			name = Release;
		};
		85E585351D79517200802BF7 /* Debug */ = {
			isa = XCBuildConfiguration;
			buildSettings = {
				INFOPLIST_FILE = DLRouterUITests/Info.plist;
				LD_RUNPATH_SEARCH_PATHS = "$(inherited) @executable_path/Frameworks @loader_path/Frameworks";
				PRODUCT_BUNDLE_IDENTIFIER = famulei.DLRouterUITests;
				PRODUCT_NAME = "$(TARGET_NAME)";
				TEST_TARGET_NAME = DLRouter;
			};
			name = Debug;
		};
		85E585361D79517200802BF7 /* Release */ = {
			isa = XCBuildConfiguration;
			buildSettings = {
				INFOPLIST_FILE = DLRouterUITests/Info.plist;
				LD_RUNPATH_SEARCH_PATHS = "$(inherited) @executable_path/Frameworks @loader_path/Frameworks";
				PRODUCT_BUNDLE_IDENTIFIER = famulei.DLRouterUITests;
				PRODUCT_NAME = "$(TARGET_NAME)";
				TEST_TARGET_NAME = DLRouter;
			};
			name = Release;
		};
/* End XCBuildConfiguration section */

/* Begin XCConfigurationList section */
		85E584FC1D79517100802BF7 /* Build configuration list for PBXProject "DLRouter" */ = {
			isa = XCConfigurationList;
			buildConfigurations = (
				85E5852C1D79517200802BF7 /* Debug */,
				85E5852D1D79517200802BF7 /* Release */,
			);
			defaultConfigurationIsVisible = 0;
			defaultConfigurationName = Release;
		};
		85E5852E1D79517200802BF7 /* Build configuration list for PBXNativeTarget "DLRouter" */ = {
			isa = XCConfigurationList;
			buildConfigurations = (
				85E5852F1D79517200802BF7 /* Debug */,
				85E585301D79517200802BF7 /* Release */,
			);
			defaultConfigurationIsVisible = 0;
			defaultConfigurationName = Release;
		};
		85E585311D79517200802BF7 /* Build configuration list for PBXNativeTarget "DLRouterTests" */ = {
			isa = XCConfigurationList;
			buildConfigurations = (
				85E585321D79517200802BF7 /* Debug */,
				85E585331D79517200802BF7 /* Release */,
			);
			defaultConfigurationIsVisible = 0;
			defaultConfigurationName = Release;
		};
		85E585341D79517200802BF7 /* Build configuration list for PBXNativeTarget "DLRouterUITests" */ = {
			isa = XCConfigurationList;
			buildConfigurations = (
				85E585351D79517200802BF7 /* Debug */,
				85E585361D79517200802BF7 /* Release */,
			);
			defaultConfigurationIsVisible = 0;
			defaultConfigurationName = Release;
		};
/* End XCConfigurationList section */
	};
	rootObject = 85E584F91D79517100802BF7 /* Project object */;
}
